Microsoft Visual Studio Solution File, Format Version 12.00
# Visual Studio Version 17
VisualStudioVersion = 17.0.31903.59
MinimumVisualStudioVersion = 10.0.40219.1
Project("{DE275A0C-2FF7-49EE-819D-43B65B4D409A}") = "Project_09b06925160d48e4b8ccb67ba632082c_20250607224442889524", "Project_09b06925160d48e4b8ccb67ba632082c_20250607224442889524.csproj", "{DE275A0C-2FF7-49EE-819D-43B65B4D409A}"
EndProject
Global
    GlobalSection(SolutionConfigurationPlatforms) = preSolution
        Debug|Any CPU = Debug|Any CPU
        Release|Any CPU = Release|Any CPU
    EndGlobalSection
    GlobalSection(ProjectConfigurationPlatforms) = postSolution
        {DE275A0C-2FF7-49EE-819D-43B65B4D409A}.Debug|Any CPU.ActiveCfg = Debug|Any CPU
        {DE275A0C-2FF7-49EE-819D-43B65B4D409A}.Debug|Any CPU.Build.0 = Debug|Any CPU
        {DE275A0C-2FF7-49EE-819D-43B65B4D409A}.Release|Any CPU.ActiveCfg = Release|Any CPU
        {DE275A0C-2FF7-49EE-819D-43B65B4D409A}.Release|Any CPU.Build.0 = Release|Any CPU
    EndGlobalSection
EndGlobal